
Microsoft Visual Studio Solution File, Format Version 12.00
# Visual Studio Version 16
VisualStudioVersion = 16.0.29503.13
MinimumVisualStudioVersion = 10.0.40219.1
Project("{FAE04EC0-301F-11D3-BF4B-00C04F79EFBC}") = "Materia", "Materia\Materia.csproj", "{7F9424C0-1F9E-45C3-944E-84EB02C5984D}"
EndProject
Project("{FAE04EC0-301F-11D3-BF4B-00C04F79EFBC}") = "DDSReader", "DDSReader\DDSReader.csproj", "{D74A367A-7311-4E21-ABAB-D065442FF603}"
EndProject
Project("{FAE04EC0-301F-11D3-BF4B-00C04F79EFBC}") = "RSMI", "RSMI\RSMI.csproj", "{5CA5390F-3DC6-4E00-9CD3-C0262C40AFC1}"
EndProject
Project("{FAE04EC0-301F-11D3-BF4B-00C04F79EFBC}") = "Xceed.Wpf.Toolkit", "wpftoolkit-master\wpftoolkit-master\ExtendedWPFToolkitSolution\Src\Xceed.Wpf.Toolkit\Xceed.Wpf.Toolkit.csproj", "{72E591D6-8F83-4D8C-8F67-9C325E623234}"
EndProject
Project("{FAE04EC0-301F-11D3-BF4B-00C04F79EFBC}") = "Xceed.Wpf.AvalonDock", "wpftoolkit-master\wpftoolkit-master\ExtendedWPFToolkitSolution\Src\Xceed.Wpf.AvalonDock\Xceed.Wpf.AvalonDock.csproj", "{DB81988F-E0F2-45A0-A1FD-8C37F3D35244}"
EndProject
Project("{FAE04EC0-301F-11D3-BF4B-00C04F79EFBC}") = "Xceed.Wpf.AvalonDock.Themes.Metro", "wpftoolkit-master\wpftoolkit-master\ExtendedWPFToolkitSolution\Src\Xceed.Wpf.AvalonDock.Themes.Metro\Xceed.Wpf.AvalonDock.Themes.Metro.csproj", "{89286EB4-B4A1-418C-839A-067B00F442D8}"
EndProject
Project("{FAE04EC0-301F-11D3-BF4B-00C04F79EFBC}") = "Math3D", "Math3D\Math3D.csproj", "{755808A3-AA86-4A26-A476-13796429E585}"
EndProject
Project("{FAE04EC0-301F-11D3-BF4B-00C04F79EFBC}") = "Interfaces", "Interfaces\Interfaces.csproj", "{4D41515C-8095-425E-B844-1EAE5FC326EC}"
EndProject
Project("{FAE04EC0-301F-11D3-BF4B-00C04F79EFBC}") = "Core", "Core\Core.csproj", "{53335848-4C43-4625-9226-A12DD2543E44}"
EndProject
Project("{FAE04EC0-301F-11D3-BF4B-00C04F79EFBC}") = "Exporters", "Exporters\Exporters.csproj", "{48859791-5294-4532-8E21-8BBBB48C0A6E}"
EndProject
Project("{FAE04EC0-301F-11D3-BF4B-00C04F79EFBC}") = "MTGRenderer", "MTGRenderer\MTGRenderer.csproj", "{34906453-C6B0-45EF-9119-BD88D49A6D75}"
EndProject
Project("{FAE04EC0-301F-11D3-BF4B-00C04F79EFBC}") = "Archive", "Archive\Archive.csproj", "{92888AF6-1CDB-4459-845F-D65763D3BAF7}"
EndProject
Global
	GlobalSection(SolutionConfigurationPlatforms) = preSolution
		Debug|Any CPU = Debug|Any CPU
		Debug|x64 = Debug|x64
		Debug|x86 = Debug|x86
		Release|Any CPU = Release|Any CPU
		Release|x64 = Release|x64
		Release|x86 = Release|x86
	EndGlobalSection
	GlobalSection(ProjectConfigurationPlatforms) = postSolution
		{7F9424C0-1F9E-45C3-944E-84EB02C5984D}.Debug|Any CPU.ActiveCfg = Debug|Any CPU
		{7F9424C0-1F9E-45C3-944E-84EB02C5984D}.Debug|Any CPU.Build.0 = Debug|Any CPU
		{7F9424C0-1F9E-45C3-944E-84EB02C5984D}.Debug|x64.ActiveCfg = Debug|x64
		{7F9424C0-1F9E-45C3-944E-84EB02C5984D}.Debug|x64.Build.0 = Debug|x64
		{7F9424C0-1F9E-45C3-944E-84EB02C5984D}.Debug|x86.ActiveCfg = Debug|Any CPU
		{7F9424C0-1F9E-45C3-944E-84EB02C5984D}.Debug|x86.Build.0 = Debug|Any CPU
		{7F9424C0-1F9E-45C3-944E-84EB02C5984D}.Release|Any CPU.ActiveCfg = Release|Any CPU
		{7F9424C0-1F9E-45C3-944E-84EB02C5984D}.Release|Any CPU.Build.0 = Release|Any CPU
		{7F9424C0-1F9E-45C3-944E-84EB02C5984D}.Release|x64.ActiveCfg = Release|x64
		{7F9424C0-1F9E-45C3-944E-84EB02C5984D}.Release|x64.Build.0 = Release|x64
		{7F9424C0-1F9E-45C3-944E-84EB02C5984D}.Release|x86.ActiveCfg = Release|Any CPU
		{7F9424C0-1F9E-45C3-944E-84EB02C5984D}.Release|x86.Build.0 = Release|Any CPU
		{D74A367A-7311-4E21-ABAB-D065442FF603}.Debug|Any CPU.ActiveCfg = Debug|Any CPU
		{D74A367A-7311-4E21-ABAB-D065442FF603}.Debug|Any CPU.Build.0 = Debug|Any CPU
		{D74A367A-7311-4E21-ABAB-D065442FF603}.Debug|x64.ActiveCfg = Debug|x64
		{D74A367A-7311-4E21-ABAB-D065442FF603}.Debug|x64.Build.0 = Debug|x64
		{D74A367A-7311-4E21-ABAB-D065442FF603}.Debug|x86.ActiveCfg = Debug|Any CPU
		{D74A367A-7311-4E21-ABAB-D065442FF603}.Debug|x86.Build.0 = Debug|Any CPU
		{D74A367A-7311-4E21-ABAB-D065442FF603}.Release|Any CPU.ActiveCfg = Release|Any CPU
		{D74A367A-7311-4E21-ABAB-D065442FF603}.Release|Any CPU.Build.0 = Release|Any CPU
		{D74A367A-7311-4E21-ABAB-D065442FF603}.Release|x64.ActiveCfg = Release|x64
		{D74A367A-7311-4E21-ABAB-D065442FF603}.Release|x64.Build.0 = Release|x64
		{D74A367A-7311-4E21-ABAB-D065442FF603}.Release|x86.ActiveCfg = Release|Any CPU
		{D74A367A-7311-4E21-ABAB-D065442FF603}.Release|x86.Build.0 = Release|Any CPU
		{5CA5390F-3DC6-4E00-9CD3-C0262C40AFC1}.Debug|Any CPU.ActiveCfg = Debug|Any CPU
		{5CA5390F-3DC6-4E00-9CD3-C0262C40AFC1}.Debug|Any CPU.Build.0 = Debug|Any CPU
		{5CA5390F-3DC6-4E00-9CD3-C0262C40AFC1}.Debug|x64.ActiveCfg = Debug|x64
		{5CA5390F-3DC6-4E00-9CD3-C0262C40AFC1}.Debug|x64.Build.0 = Debug|x64
		{5CA5390F-3DC6-4E00-9CD3-C0262C40AFC1}.Debug|x86.ActiveCfg = Debug|Any CPU
		{5CA5390F-3DC6-4E00-9CD3-C0262C40AFC1}.Debug|x86.Build.0 = Debug|Any CPU
		{5CA5390F-3DC6-4E00-9CD3-C0262C40AFC1}.Release|Any CPU.ActiveCfg = Release|Any CPU
		{5CA5390F-3DC6-4E00-9CD3-C0262C40AFC1}.Release|Any CPU.Build.0 = Release|Any CPU
		{5CA5390F-3DC6-4E00-9CD3-C0262C40AFC1}.Release|x64.ActiveCfg = Release|x64
		{5CA5390F-3DC6-4E00-9CD3-C0262C40AFC1}.Release|x64.Build.0 = Release|x64
		{5CA5390F-3DC6-4E00-9CD3-C0262C40AFC1}.Release|x86.ActiveCfg = Release|Any CPU
		{5CA5390F-3DC6-4E00-9CD3-C0262C40AFC1}.Release|x86.Build.0 = Release|Any CPU
		{72E591D6-8F83-4D8C-8F67-9C325E623234}.Debug|Any CPU.ActiveCfg = Debug|Any CPU
		{72E591D6-8F83-4D8C-8F67-9C325E623234}.Debug|Any CPU.Build.0 = Debug|Any CPU
		{72E591D6-8F83-4D8C-8F67-9C325E623234}.Debug|x64.ActiveCfg = Debug|x64
		{72E591D6-8F83-4D8C-8F67-9C325E623234}.Debug|x64.Build.0 = Debug|x64
		{72E591D6-8F83-4D8C-8F67-9C325E623234}.Debug|x86.ActiveCfg = Debug|Any CPU
		{72E591D6-8F83-4D8C-8F67-9C325E623234}.Debug|x86.Build.0 = Debug|Any CPU
		{72E591D6-8F83-4D8C-8F67-9C325E623234}.Release|Any CPU.ActiveCfg = Release|Any CPU
		{72E591D6-8F83-4D8C-8F67-9C325E623234}.Release|Any CPU.Build.0 = Release|Any CPU
		{72E591D6-8F83-4D8C-8F67-9C325E623234}.Release|x64.ActiveCfg = Release|x64
		{72E591D6-8F83-4D8C-8F67-9C325E623234}.Release|x64.Build.0 = Release|x64
		{72E591D6-8F83-4D8C-8F67-9C325E623234}.Release|x86.ActiveCfg = Release|Any CPU
		{72E591D6-8F83-4D8C-8F67-9C325E623234}.Release|x86.Build.0 = Release|Any CPU
		{DB81988F-E0F2-45A0-A1FD-8C37F3D35244}.Debug|Any CPU.ActiveCfg = Debug|Any CPU
		{DB81988F-E0F2-45A0-A1FD-8C37F3D35244}.Debug|Any CPU.Build.0 = Debug|Any CPU
		{DB81988F-E0F2-45A0-A1FD-8C37F3D35244}.Debug|x64.ActiveCfg = Debug|x64
		{DB81988F-E0F2-45A0-A1FD-8C37F3D35244}.Debug|x64.Build.0 = Debug|x64
		{DB81988F-E0F2-45A0-A1FD-8C37F3D35244}.Debug|x86.ActiveCfg = Debug|Any CPU
		{DB81988F-E0F2-45A0-A1FD-8C37F3D35244}.Debug|x86.Build.0 = Debug|Any CPU
		{DB81988F-E0F2-45A0-A1FD-8C37F3D35244}.Release|Any CPU.ActiveCfg = Release|Any CPU
		{DB81988F-E0F2-45A0-A1FD-8C37F3D35244}.Release|Any CPU.Build.0 = Release|Any CPU
		{DB81988F-E0F2-45A0-A1FD-8C37F3D35244}.Release|x64.ActiveCfg = Release|x64
		{DB81988F-E0F2-45A0-A1FD-8C37F3D35244}.Release|x64.Build.0 = Release|x64
		{DB81988F-E0F2-45A0-A1FD-8C37F3D35244}.Release|x86.ActiveCfg = Release|Any CPU
		{DB81988F-E0F2-45A0-A1FD-8C37F3D35244}.Release|x86.Build.0 = Release|Any CPU
		{89286EB4-B4A1-418C-839A-067B00F442D8}.Debug|Any CPU.ActiveCfg = Debug|Any CPU
		{89286EB4-B4A1-418C-839A-067B00F442D8}.Debug|Any CPU.Build.0 = Debug|Any CPU
		{89286EB4-B4A1-418C-839A-067B00F442D8}.Debug|x64.ActiveCfg = Debug|x64
		{89286EB4-B4A1-418C-839A-067B00F442D8}.Debug|x64.Build.0 = Debug|x64
		{89286EB4-B4A1-418C-839A-067B00F442D8}.Debug|x86.ActiveCfg = Debug|Any CPU
		{89286EB4-B4A1-418C-839A-067B00F442D8}.Debug|x86.Build.0 = Debug|Any CPU
		{89286EB4-B4A1-418C-839A-067B00F442D8}.Release|Any CPU.ActiveCfg = Release|Any CPU
		{89286EB4-B4A1-418C-839A-067B00F442D8}.Release|Any CPU.Build.0 = Release|Any CPU
		{89286EB4-B4A1-418C-839A-067B00F442D8}.Release|x64.ActiveCfg = Release|x64
		{89286EB4-B4A1-418C-839A-067B00F442D8}.Release|x64.Build.0 = Release|x64
		{89286EB4-B4A1-418C-839A-067B00F442D8}.Release|x86.ActiveCfg = Release|Any CPU
		{89286EB4-B4A1-418C-839A-067B00F442D8}.Release|x86.Build.0 = Release|Any CPU
		{755808A3-AA86-4A26-A476-13796429E585}.Debug|Any CPU.ActiveCfg = Debug|Any CPU
		{755808A3-AA86-4A26-A476-13796429E585}.Debug|Any CPU.Build.0 = Debug|Any CPU
		{755808A3-AA86-4A26-A476-13796429E585}.Debug|x64.ActiveCfg = Debug|x64
		{755808A3-AA86-4A26-A476-13796429E585}.Debug|x64.Build.0 = Debug|x64
		{755808A3-AA86-4A26-A476-13796429E585}.Debug|x86.ActiveCfg = Debug|Any CPU
		{755808A3-AA86-4A26-A476-13796429E585}.Debug|x86.Build.0 = Debug|Any CPU
		{755808A3-AA86-4A26-A476-13796429E585}.Release|Any CPU.ActiveCfg = Release|Any CPU
		{755808A3-AA86-4A26-A476-13796429E585}.Release|Any CPU.Build.0 = Release|Any CPU
		{755808A3-AA86-4A26-A476-13796429E585}.Release|x64.ActiveCfg = Release|x64
		{755808A3-AA86-4A26-A476-13796429E585}.Release|x64.Build.0 = Release|x64
		{755808A3-AA86-4A26-A476-13796429E585}.Release|x86.ActiveCfg = Release|Any CPU
		{755808A3-AA86-4A26-A476-13796429E585}.Release|x86.Build.0 = Release|Any CPU
		{4D41515C-8095-425E-B844-1EAE5FC326EC}.Debug|Any CPU.ActiveCfg = Debug|Any CPU
		{4D41515C-8095-425E-B844-1EAE5FC326EC}.Debug|Any CPU.Build.0 = Debug|Any CPU
		{4D41515C-8095-425E-B844-1EAE5FC326EC}.Debug|x64.ActiveCfg = Debug|x64
		{4D41515C-8095-425E-B844-1EAE5FC326EC}.Debug|x64.Build.0 = Debug|x64
		{4D41515C-8095-425E-B844-1EAE5FC326EC}.Debug|x86.ActiveCfg = Debug|Any CPU
		{4D41515C-8095-425E-B844-1EAE5FC326EC}.Debug|x86.Build.0 = Debug|Any CPU
		{4D41515C-8095-425E-B844-1EAE5FC326EC}.Release|Any CPU.ActiveCfg = Release|Any CPU
		{4D41515C-8095-425E-B844-1EAE5FC326EC}.Release|Any CPU.Build.0 = Release|Any CPU
		{4D41515C-8095-425E-B844-1EAE5FC326EC}.Release|x64.ActiveCfg = Release|x64
		{4D41515C-8095-425E-B844-1EAE5FC326EC}.Release|x64.Build.0 = Release|x64
		{4D41515C-8095-425E-B844-1EAE5FC326EC}.Release|x86.ActiveCfg = Release|Any CPU
		{4D41515C-8095-425E-B844-1EAE5FC326EC}.Release|x86.Build.0 = Release|Any CPU
		{53335848-4C43-4625-9226-A12DD2543E44}.Debug|Any CPU.ActiveCfg = Debug|Any CPU
		{53335848-4C43-4625-9226-A12DD2543E44}.Debug|Any CPU.Build.0 = Debug|Any CPU
		{53335848-4C43-4625-9226-A12DD2543E44}.Debug|x64.ActiveCfg = Debug|x64
		{53335848-4C43-4625-9226-A12DD2543E44}.Debug|x64.Build.0 = Debug|x64
		{53335848-4C43-4625-9226-A12DD2543E44}.Debug|x86.ActiveCfg = Debug|Any CPU
		{53335848-4C43-4625-9226-A12DD2543E44}.Debug|x86.Build.0 = Debug|Any CPU
		{53335848-4C43-4625-9226-A12DD2543E44}.Release|Any CPU.ActiveCfg = Release|Any CPU
		{53335848-4C43-4625-9226-A12DD2543E44}.Release|Any CPU.Build.0 = Release|Any CPU
		{53335848-4C43-4625-9226-A12DD2543E44}.Release|x64.ActiveCfg = Release|x64
		{53335848-4C43-4625-9226-A12DD2543E44}.Release|x64.Build.0 = Release|x64
		{53335848-4C43-4625-9226-A12DD2543E44}.Release|x86.ActiveCfg = Release|Any CPU
		{53335848-4C43-4625-9226-A12DD2543E44}.Release|x86.Build.0 = Release|Any CPU
		{48859791-5294-4532-8E21-8BBBB48C0A6E}.Debug|Any CPU.ActiveCfg = Debug|Any CPU
		{48859791-5294-4532-8E21-8BBBB48C0A6E}.Debug|Any CPU.Build.0 = Debug|Any CPU
		{48859791-5294-4532-8E21-8BBBB48C0A6E}.Debug|x64.ActiveCfg = Debug|x64
		{48859791-5294-4532-8E21-8BBBB48C0A6E}.Debug|x64.Build.0 = Debug|x64
		{48859791-5294-4532-8E21-8BBBB48C0A6E}.Debug|x86.ActiveCfg = Debug|Any CPU
		{48859791-5294-4532-8E21-8BBBB48C0A6E}.Debug|x86.Build.0 = Debug|Any CPU
		{48859791-5294-4532-8E21-8BBBB48C0A6E}.Release|Any CPU.ActiveCfg = Release|Any CPU
		{48859791-5294-4532-8E21-8BBBB48C0A6E}.Release|Any CPU.Build.0 = Release|Any CPU
		{48859791-5294-4532-8E21-8BBBB48C0A6E}.Release|x64.ActiveCfg = Release|x64
		{48859791-5294-4532-8E21-8BBBB48C0A6E}.Release|x64.Build.0 = Release|x64
		{48859791-5294-4532-8E21-8BBBB48C0A6E}.Release|x86.ActiveCfg = Release|Any CPU
		{48859791-5294-4532-8E21-8BBBB48C0A6E}.Release|x86.Build.0 = Release|Any CPU
		{34906453-C6B0-45EF-9119-BD88D49A6D75}.Debug|Any CPU.ActiveCfg = Debug|Any CPU
		{34906453-C6B0-45EF-9119-BD88D49A6D75}.Debug|Any CPU.Build.0 = Debug|Any CPU
		{34906453-C6B0-45EF-9119-BD88D49A6D75}.Debug|x64.ActiveCfg = Debug|x64
		{34906453-C6B0-45EF-9119-BD88D49A6D75}.Debug|x64.Build.0 = Debug|x64
		{34906453-C6B0-45EF-9119-BD88D49A6D75}.Debug|x86.ActiveCfg = Debug|Any CPU
		{34906453-C6B0-45EF-9119-BD88D49A6D75}.Debug|x86.Build.0 = Debug|Any CPU
		{34906453-C6B0-45EF-9119-BD88D49A6D75}.Release|Any CPU.ActiveCfg = Release|Any CPU
		{34906453-C6B0-45EF-9119-BD88D49A6D75}.Release|Any CPU.Build.0 = Release|Any CPU
		{34906453-C6B0-45EF-9119-BD88D49A6D75}.Release|x64.ActiveCfg = Release|x64
		{34906453-C6B0-45EF-9119-BD88D49A6D75}.Release|x64.Build.0 = Release|x64
		{34906453-C6B0-45EF-9119-BD88D49A6D75}.Release|x86.ActiveCfg = Release|Any CPU
		{34906453-C6B0-45EF-9119-BD88D49A6D75}.Release|x86.Build.0 = Release|Any CPU
		{92888AF6-1CDB-4459-845F-D65763D3BAF7}.Debug|Any CPU.ActiveCfg = Debug|Any CPU
		{92888AF6-1CDB-4459-845F-D65763D3BAF7}.Debug|Any CPU.Build.0 = Debug|Any CPU
		{92888AF6-1CDB-4459-845F-D65763D3BAF7}.Debug|x64.ActiveCfg = Debug|Any CPU
		{92888AF6-1CDB-4459-845F-D65763D3BAF7}.Debug|x64.Build.0 = Debug|Any CPU
		{92888AF6-1CDB-4459-845F-D65763D3BAF7}.Debug|x86.ActiveCfg = Debug|Any CPU
		{92888AF6-1CDB-4459-845F-D65763D3BAF7}.Debug|x86.Build.0 = Debug|Any CPU
		{92888AF6-1CDB-4459-845F-D65763D3BAF7}.Release|Any CPU.ActiveCfg = Release|Any CPU
		{92888AF6-1CDB-4459-845F-D65763D3BAF7}.Release|Any CPU.Build.0 = Release|Any CPU
		{92888AF6-1CDB-4459-845F-D65763D3BAF7}.Release|x64.ActiveCfg = Release|x64
		{92888AF6-1CDB-4459-845F-D65763D3BAF7}.Release|x64.Build.0 = Release|x64
		{92888AF6-1CDB-4459-845F-D65763D3BAF7}.Release|x86.ActiveCfg = Release|Any CPU
		{92888AF6-1CDB-4459-845F-D65763D3BAF7}.Release|x86.Build.0 = Release|Any CPU
	EndGlobalSection
	GlobalSection(SolutionProperties) = preSolution
		HideSolutionNode = FALSE
	EndGlobalSection
	GlobalSection(ExtensibilityGlobals) = postSolution
		SolutionGuid = {070392A9-E3A1-4CC9-ACCE-5AAEC9B61394}
	EndGlobalSection
EndGlobal
