
Microsoft Visual Studio Solution File, Format Version 12.00
# Visual Studio Version 16
VisualStudioVersion = 16.0.29911.84
MinimumVisualStudioVersion = 10.0.40219.1
Project("{9A19103F-16F7-4668-BE54-9A1E7A4F7556}") = "MateriaCore", "MateriaCore\MateriaCore.csproj", "{385B344C-DE1C-4B11-B5E2-449809708F77}"
EndProject
Project("{9A19103F-16F7-4668-BE54-9A1E7A4F7556}") = "Graph", "Graph\Graph.csproj", "{E579D48E-ECE0-4F37-9549-BB81DF581380}"
EndProject
Project("{9A19103F-16F7-4668-BE54-9A1E7A4F7556}") = "Rendering", "Rendering\Rendering.csproj", "{F080A41F-247A-41A8-8CE5-52DA62E5F343}"
EndProject
Project("{9A19103F-16F7-4668-BE54-9A1E7A4F7556}") = "MLog", "MLog\MLog.csproj", "{AEEB9DF5-3AD8-404D-A54A-5C477FE647EF}"
EndProject
Project("{9A19103F-16F7-4668-BE54-9A1E7A4F7556}") = "InfinityUI", "InfinityUI\InfinityUI.csproj", "{0EDF0C81-870A-4B37-BCB0-255073FFA8AD}"
EndProject
Project("{8BC9CEB8-8B4A-11D0-8D11-00A0C91BC942}") = "tinyexr", "tinyexr\build\tinyexr.vcxproj", "{38B9A679-B6AE-330F-B3B6-166A56ADCB41}"
EndProject
Project("{8BC9CEB8-8B4A-11D0-8D11-00A0C91BC942}") = "tinyexrclr", "tinyexrclr\tinyexrclr.vcxproj", "{94711062-9D47-4E4A-975B-BBB09F9027F0}"
EndProject
Global
	GlobalSection(SolutionConfigurationPlatforms) = preSolution
		Debug|Any CPU = Debug|Any CPU
		Debug|x64 = Debug|x64
		Debug|x86 = Debug|x86
		MinSizeRel|Any CPU = MinSizeRel|Any CPU
		MinSizeRel|x64 = MinSizeRel|x64
		MinSizeRel|x86 = MinSizeRel|x86
		Release|Any CPU = Release|Any CPU
		Release|x64 = Release|x64
		Release|x86 = Release|x86
		RelWithDebInfo|Any CPU = RelWithDebInfo|Any CPU
		RelWithDebInfo|x64 = RelWithDebInfo|x64
		RelWithDebInfo|x86 = RelWithDebInfo|x86
	EndGlobalSection
	GlobalSection(ProjectConfigurationPlatforms) = postSolution
		{385B344C-DE1C-4B11-B5E2-449809708F77}.Debug|Any CPU.ActiveCfg = Debug|Any CPU
		{385B344C-DE1C-4B11-B5E2-449809708F77}.Debug|Any CPU.Build.0 = Debug|Any CPU
		{385B344C-DE1C-4B11-B5E2-449809708F77}.Debug|x64.ActiveCfg = Debug|x64
		{385B344C-DE1C-4B11-B5E2-449809708F77}.Debug|x64.Build.0 = Debug|x64
		{385B344C-DE1C-4B11-B5E2-449809708F77}.Debug|x86.ActiveCfg = Debug|Any CPU
		{385B344C-DE1C-4B11-B5E2-449809708F77}.Debug|x86.Build.0 = Debug|Any CPU
		{385B344C-DE1C-4B11-B5E2-449809708F77}.MinSizeRel|Any CPU.ActiveCfg = Release|Any CPU
		{385B344C-DE1C-4B11-B5E2-449809708F77}.MinSizeRel|Any CPU.Build.0 = Release|Any CPU
		{385B344C-DE1C-4B11-B5E2-449809708F77}.MinSizeRel|x64.ActiveCfg = Release|x64
		{385B344C-DE1C-4B11-B5E2-449809708F77}.MinSizeRel|x64.Build.0 = Release|x64
		{385B344C-DE1C-4B11-B5E2-449809708F77}.MinSizeRel|x86.ActiveCfg = Release|Any CPU
		{385B344C-DE1C-4B11-B5E2-449809708F77}.MinSizeRel|x86.Build.0 = Release|Any CPU
		{385B344C-DE1C-4B11-B5E2-449809708F77}.Release|Any CPU.ActiveCfg = Release|Any CPU
		{385B344C-DE1C-4B11-B5E2-449809708F77}.Release|Any CPU.Build.0 = Release|Any CPU
		{385B344C-DE1C-4B11-B5E2-449809708F77}.Release|x64.ActiveCfg = Release|x64
		{385B344C-DE1C-4B11-B5E2-449809708F77}.Release|x64.Build.0 = Release|x64
		{385B344C-DE1C-4B11-B5E2-449809708F77}.Release|x86.ActiveCfg = Release|Any CPU
		{385B344C-DE1C-4B11-B5E2-449809708F77}.Release|x86.Build.0 = Release|Any CPU
		{385B344C-DE1C-4B11-B5E2-449809708F77}.RelWithDebInfo|Any CPU.ActiveCfg = Release|Any CPU
		{385B344C-DE1C-4B11-B5E2-449809708F77}.RelWithDebInfo|Any CPU.Build.0 = Release|Any CPU
		{385B344C-DE1C-4B11-B5E2-449809708F77}.RelWithDebInfo|x64.ActiveCfg = Release|x64
		{385B344C-DE1C-4B11-B5E2-449809708F77}.RelWithDebInfo|x64.Build.0 = Release|x64
		{385B344C-DE1C-4B11-B5E2-449809708F77}.RelWithDebInfo|x86.ActiveCfg = Release|Any CPU
		{385B344C-DE1C-4B11-B5E2-449809708F77}.RelWithDebInfo|x86.Build.0 = Release|Any CPU
		{E579D48E-ECE0-4F37-9549-BB81DF581380}.Debug|Any CPU.ActiveCfg = Debug|Any CPU
		{E579D48E-ECE0-4F37-9549-BB81DF581380}.Debug|Any CPU.Build.0 = Debug|Any CPU
		{E579D48E-ECE0-4F37-9549-BB81DF581380}.Debug|x64.ActiveCfg = Debug|x64
		{E579D48E-ECE0-4F37-9549-BB81DF581380}.Debug|x64.Build.0 = Debug|x64
		{E579D48E-ECE0-4F37-9549-BB81DF581380}.Debug|x86.ActiveCfg = Debug|Any CPU
		{E579D48E-ECE0-4F37-9549-BB81DF581380}.Debug|x86.Build.0 = Debug|Any CPU
		{E579D48E-ECE0-4F37-9549-BB81DF581380}.MinSizeRel|Any CPU.ActiveCfg = Release|Any CPU
		{E579D48E-ECE0-4F37-9549-BB81DF581380}.MinSizeRel|Any CPU.Build.0 = Release|Any CPU
		{E579D48E-ECE0-4F37-9549-BB81DF581380}.MinSizeRel|x64.ActiveCfg = Release|x64
		{E579D48E-ECE0-4F37-9549-BB81DF581380}.MinSizeRel|x64.Build.0 = Release|x64
		{E579D48E-ECE0-4F37-9549-BB81DF581380}.MinSizeRel|x86.ActiveCfg = Release|Any CPU
		{E579D48E-ECE0-4F37-9549-BB81DF581380}.MinSizeRel|x86.Build.0 = Release|Any CPU
		{E579D48E-ECE0-4F37-9549-BB81DF581380}.Release|Any CPU.ActiveCfg = Release|Any CPU
		{E579D48E-ECE0-4F37-9549-BB81DF581380}.Release|Any CPU.Build.0 = Release|Any CPU
		{E579D48E-ECE0-4F37-9549-BB81DF581380}.Release|x64.ActiveCfg = Release|Any CPU
		{E579D48E-ECE0-4F37-9549-BB81DF581380}.Release|x64.Build.0 = Release|Any CPU
		{E579D48E-ECE0-4F37-9549-BB81DF581380}.Release|x86.ActiveCfg = Release|Any CPU
		{E579D48E-ECE0-4F37-9549-BB81DF581380}.Release|x86.Build.0 = Release|Any CPU
		{E579D48E-ECE0-4F37-9549-BB81DF581380}.RelWithDebInfo|Any CPU.ActiveCfg = Release|Any CPU
		{E579D48E-ECE0-4F37-9549-BB81DF581380}.RelWithDebInfo|Any CPU.Build.0 = Release|Any CPU
		{E579D48E-ECE0-4F37-9549-BB81DF581380}.RelWithDebInfo|x64.ActiveCfg = Release|x64
		{E579D48E-ECE0-4F37-9549-BB81DF581380}.RelWithDebInfo|x64.Build.0 = Release|x64
		{E579D48E-ECE0-4F37-9549-BB81DF581380}.RelWithDebInfo|x86.ActiveCfg = Release|Any CPU
		{E579D48E-ECE0-4F37-9549-BB81DF581380}.RelWithDebInfo|x86.Build.0 = Release|Any CPU
		{F080A41F-247A-41A8-8CE5-52DA62E5F343}.Debug|Any CPU.ActiveCfg = Debug|Any CPU
		{F080A41F-247A-41A8-8CE5-52DA62E5F343}.Debug|Any CPU.Build.0 = Debug|Any CPU
		{F080A41F-247A-41A8-8CE5-52DA62E5F343}.Debug|x64.ActiveCfg = Debug|x64
		{F080A41F-247A-41A8-8CE5-52DA62E5F343}.Debug|x64.Build.0 = Debug|x64
		{F080A41F-247A-41A8-8CE5-52DA62E5F343}.Debug|x86.ActiveCfg = Debug|Any CPU
		{F080A41F-247A-41A8-8CE5-52DA62E5F343}.Debug|x86.Build.0 = Debug|Any CPU
		{F080A41F-247A-41A8-8CE5-52DA62E5F343}.MinSizeRel|Any CPU.ActiveCfg = Release|Any CPU
		{F080A41F-247A-41A8-8CE5-52DA62E5F343}.MinSizeRel|Any CPU.Build.0 = Release|Any CPU
		{F080A41F-247A-41A8-8CE5-52DA62E5F343}.MinSizeRel|x64.ActiveCfg = Release|x64
		{F080A41F-247A-41A8-8CE5-52DA62E5F343}.MinSizeRel|x64.Build.0 = Release|x64
		{F080A41F-247A-41A8-8CE5-52DA62E5F343}.MinSizeRel|x86.ActiveCfg = Release|Any CPU
		{F080A41F-247A-41A8-8CE5-52DA62E5F343}.MinSizeRel|x86.Build.0 = Release|Any CPU
		{F080A41F-247A-41A8-8CE5-52DA62E5F343}.Release|Any CPU.ActiveCfg = Release|Any CPU
		{F080A41F-247A-41A8-8CE5-52DA62E5F343}.Release|Any CPU.Build.0 = Release|Any CPU
		{F080A41F-247A-41A8-8CE5-52DA62E5F343}.Release|x64.ActiveCfg = Release|Any CPU
		{F080A41F-247A-41A8-8CE5-52DA62E5F343}.Release|x64.Build.0 = Release|Any CPU
		{F080A41F-247A-41A8-8CE5-52DA62E5F343}.Release|x86.ActiveCfg = Release|Any CPU
		{F080A41F-247A-41A8-8CE5-52DA62E5F343}.Release|x86.Build.0 = Release|Any CPU
		{F080A41F-247A-41A8-8CE5-52DA62E5F343}.RelWithDebInfo|Any CPU.ActiveCfg = Release|Any CPU
		{F080A41F-247A-41A8-8CE5-52DA62E5F343}.RelWithDebInfo|Any CPU.Build.0 = Release|Any CPU
		{F080A41F-247A-41A8-8CE5-52DA62E5F343}.RelWithDebInfo|x64.ActiveCfg = Release|x64
		{F080A41F-247A-41A8-8CE5-52DA62E5F343}.RelWithDebInfo|x64.Build.0 = Release|x64
		{F080A41F-247A-41A8-8CE5-52DA62E5F343}.RelWithDebInfo|x86.ActiveCfg = Release|Any CPU
		{F080A41F-247A-41A8-8CE5-52DA62E5F343}.RelWithDebInfo|x86.Build.0 = Release|Any CPU
		{AEEB9DF5-3AD8-404D-A54A-5C477FE647EF}.Debug|Any CPU.ActiveCfg = Debug|Any CPU
		{AEEB9DF5-3AD8-404D-A54A-5C477FE647EF}.Debug|Any CPU.Build.0 = Debug|Any CPU
		{AEEB9DF5-3AD8-404D-A54A-5C477FE647EF}.Debug|x64.ActiveCfg = Debug|x64
		{AEEB9DF5-3AD8-404D-A54A-5C477FE647EF}.Debug|x64.Build.0 = Debug|x64
		{AEEB9DF5-3AD8-404D-A54A-5C477FE647EF}.Debug|x86.ActiveCfg = Debug|Any CPU
		{AEEB9DF5-3AD8-404D-A54A-5C477FE647EF}.Debug|x86.Build.0 = Debug|Any CPU
		{AEEB9DF5-3AD8-404D-A54A-5C477FE647EF}.MinSizeRel|Any CPU.ActiveCfg = Release|Any CPU
		{AEEB9DF5-3AD8-404D-A54A-5C477FE647EF}.MinSizeRel|Any CPU.Build.0 = Release|Any CPU
		{AEEB9DF5-3AD8-404D-A54A-5C477FE647EF}.MinSizeRel|x64.ActiveCfg = Release|x64
		{AEEB9DF5-3AD8-404D-A54A-5C477FE647EF}.MinSizeRel|x64.Build.0 = Release|x64
		{AEEB9DF5-3AD8-404D-A54A-5C477FE647EF}.MinSizeRel|x86.ActiveCfg = Release|Any CPU
		{AEEB9DF5-3AD8-404D-A54A-5C477FE647EF}.MinSizeRel|x86.Build.0 = Release|Any CPU
		{AEEB9DF5-3AD8-404D-A54A-5C477FE647EF}.Release|Any CPU.ActiveCfg = Release|Any CPU
		{AEEB9DF5-3AD8-404D-A54A-5C477FE647EF}.Release|Any CPU.Build.0 = Release|Any CPU
		{AEEB9DF5-3AD8-404D-A54A-5C477FE647EF}.Release|x64.ActiveCfg = Release|Any CPU
		{AEEB9DF5-3AD8-404D-A54A-5C477FE647EF}.Release|x64.Build.0 = Release|Any CPU
		{AEEB9DF5-3AD8-404D-A54A-5C477FE647EF}.Release|x86.ActiveCfg = Release|Any CPU
		{AEEB9DF5-3AD8-404D-A54A-5C477FE647EF}.Release|x86.Build.0 = Release|Any CPU
		{AEEB9DF5-3AD8-404D-A54A-5C477FE647EF}.RelWithDebInfo|Any CPU.ActiveCfg = Release|Any CPU
		{AEEB9DF5-3AD8-404D-A54A-5C477FE647EF}.RelWithDebInfo|Any CPU.Build.0 = Release|Any CPU
		{AEEB9DF5-3AD8-404D-A54A-5C477FE647EF}.RelWithDebInfo|x64.ActiveCfg = Release|x64
		{AEEB9DF5-3AD8-404D-A54A-5C477FE647EF}.RelWithDebInfo|x64.Build.0 = Release|x64
		{AEEB9DF5-3AD8-404D-A54A-5C477FE647EF}.RelWithDebInfo|x86.ActiveCfg = Release|Any CPU
		{AEEB9DF5-3AD8-404D-A54A-5C477FE647EF}.RelWithDebInfo|x86.Build.0 = Release|Any CPU
		{0EDF0C81-870A-4B37-BCB0-255073FFA8AD}.Debug|Any CPU.ActiveCfg = Debug|Any CPU
		{0EDF0C81-870A-4B37-BCB0-255073FFA8AD}.Debug|Any CPU.Build.0 = Debug|Any CPU
		{0EDF0C81-870A-4B37-BCB0-255073FFA8AD}.Debug|x64.ActiveCfg = Debug|x64
		{0EDF0C81-870A-4B37-BCB0-255073FFA8AD}.Debug|x64.Build.0 = Debug|x64
		{0EDF0C81-870A-4B37-BCB0-255073FFA8AD}.Debug|x86.ActiveCfg = Debug|Any CPU
		{0EDF0C81-870A-4B37-BCB0-255073FFA8AD}.Debug|x86.Build.0 = Debug|Any CPU
		{0EDF0C81-870A-4B37-BCB0-255073FFA8AD}.MinSizeRel|Any CPU.ActiveCfg = Release|Any CPU
		{0EDF0C81-870A-4B37-BCB0-255073FFA8AD}.MinSizeRel|Any CPU.Build.0 = Release|Any CPU
		{0EDF0C81-870A-4B37-BCB0-255073FFA8AD}.MinSizeRel|x64.ActiveCfg = Release|Any CPU
		{0EDF0C81-870A-4B37-BCB0-255073FFA8AD}.MinSizeRel|x64.Build.0 = Release|Any CPU
		{0EDF0C81-870A-4B37-BCB0-255073FFA8AD}.MinSizeRel|x86.ActiveCfg = Release|Any CPU
		{0EDF0C81-870A-4B37-BCB0-255073FFA8AD}.MinSizeRel|x86.Build.0 = Release|Any CPU
		{0EDF0C81-870A-4B37-BCB0-255073FFA8AD}.Release|Any CPU.ActiveCfg = Release|Any CPU
		{0EDF0C81-870A-4B37-BCB0-255073FFA8AD}.Release|Any CPU.Build.0 = Release|Any CPU
		{0EDF0C81-870A-4B37-BCB0-255073FFA8AD}.Release|x64.ActiveCfg = Release|Any CPU
		{0EDF0C81-870A-4B37-BCB0-255073FFA8AD}.Release|x64.Build.0 = Release|Any CPU
		{0EDF0C81-870A-4B37-BCB0-255073FFA8AD}.Release|x86.ActiveCfg = Release|Any CPU
		{0EDF0C81-870A-4B37-BCB0-255073FFA8AD}.Release|x86.Build.0 = Release|Any CPU
		{0EDF0C81-870A-4B37-BCB0-255073FFA8AD}.RelWithDebInfo|Any CPU.ActiveCfg = Release|Any CPU
		{0EDF0C81-870A-4B37-BCB0-255073FFA8AD}.RelWithDebInfo|Any CPU.Build.0 = Release|Any CPU
		{0EDF0C81-870A-4B37-BCB0-255073FFA8AD}.RelWithDebInfo|x64.ActiveCfg = Release|Any CPU
		{0EDF0C81-870A-4B37-BCB0-255073FFA8AD}.RelWithDebInfo|x64.Build.0 = Release|Any CPU
		{0EDF0C81-870A-4B37-BCB0-255073FFA8AD}.RelWithDebInfo|x86.ActiveCfg = Release|Any CPU
		{0EDF0C81-870A-4B37-BCB0-255073FFA8AD}.RelWithDebInfo|x86.Build.0 = Release|Any CPU
		{38B9A679-B6AE-330F-B3B6-166A56ADCB41}.Debug|Any CPU.ActiveCfg = Debug|x64
		{38B9A679-B6AE-330F-B3B6-166A56ADCB41}.Debug|x64.ActiveCfg = Debug|x64
		{38B9A679-B6AE-330F-B3B6-166A56ADCB41}.Debug|x64.Build.0 = Debug|x64
		{38B9A679-B6AE-330F-B3B6-166A56ADCB41}.Debug|x86.ActiveCfg = Debug|x64
		{38B9A679-B6AE-330F-B3B6-166A56ADCB41}.MinSizeRel|Any CPU.ActiveCfg = MinSizeRel|x64
		{38B9A679-B6AE-330F-B3B6-166A56ADCB41}.MinSizeRel|x64.ActiveCfg = MinSizeRel|x64
		{38B9A679-B6AE-330F-B3B6-166A56ADCB41}.MinSizeRel|x64.Build.0 = MinSizeRel|x64
		{38B9A679-B6AE-330F-B3B6-166A56ADCB41}.MinSizeRel|x86.ActiveCfg = MinSizeRel|x64
		{38B9A679-B6AE-330F-B3B6-166A56ADCB41}.Release|Any CPU.ActiveCfg = Release|x64
		{38B9A679-B6AE-330F-B3B6-166A56ADCB41}.Release|x64.ActiveCfg = Release|x64
		{38B9A679-B6AE-330F-B3B6-166A56ADCB41}.Release|x64.Build.0 = Release|x64
		{38B9A679-B6AE-330F-B3B6-166A56ADCB41}.Release|x86.ActiveCfg = Release|x64
		{38B9A679-B6AE-330F-B3B6-166A56ADCB41}.RelWithDebInfo|Any CPU.ActiveCfg = RelWithDebInfo|x64
		{38B9A679-B6AE-330F-B3B6-166A56ADCB41}.RelWithDebInfo|x64.ActiveCfg = RelWithDebInfo|x64
		{38B9A679-B6AE-330F-B3B6-166A56ADCB41}.RelWithDebInfo|x64.Build.0 = RelWithDebInfo|x64
		{38B9A679-B6AE-330F-B3B6-166A56ADCB41}.RelWithDebInfo|x86.ActiveCfg = RelWithDebInfo|x64
		{94711062-9D47-4E4A-975B-BBB09F9027F0}.Debug|Any CPU.ActiveCfg = Debug|Win32
		{94711062-9D47-4E4A-975B-BBB09F9027F0}.Debug|x64.ActiveCfg = Debug|x64
		{94711062-9D47-4E4A-975B-BBB09F9027F0}.Debug|x64.Build.0 = Debug|x64
		{94711062-9D47-4E4A-975B-BBB09F9027F0}.Debug|x86.ActiveCfg = Debug|Win32
		{94711062-9D47-4E4A-975B-BBB09F9027F0}.Debug|x86.Build.0 = Debug|Win32
		{94711062-9D47-4E4A-975B-BBB09F9027F0}.MinSizeRel|Any CPU.ActiveCfg = Debug|Win32
		{94711062-9D47-4E4A-975B-BBB09F9027F0}.MinSizeRel|Any CPU.Build.0 = Debug|Win32
		{94711062-9D47-4E4A-975B-BBB09F9027F0}.MinSizeRel|x64.ActiveCfg = Debug|x64
		{94711062-9D47-4E4A-975B-BBB09F9027F0}.MinSizeRel|x64.Build.0 = Debug|x64
		{94711062-9D47-4E4A-975B-BBB09F9027F0}.MinSizeRel|x86.ActiveCfg = Debug|Win32
		{94711062-9D47-4E4A-975B-BBB09F9027F0}.MinSizeRel|x86.Build.0 = Debug|Win32
		{94711062-9D47-4E4A-975B-BBB09F9027F0}.Release|Any CPU.ActiveCfg = Release|Win32
		{94711062-9D47-4E4A-975B-BBB09F9027F0}.Release|x64.ActiveCfg = Release|x64
		{94711062-9D47-4E4A-975B-BBB09F9027F0}.Release|x64.Build.0 = Release|x64
		{94711062-9D47-4E4A-975B-BBB09F9027F0}.Release|x86.ActiveCfg = Release|Win32
		{94711062-9D47-4E4A-975B-BBB09F9027F0}.Release|x86.Build.0 = Release|Win32
		{94711062-9D47-4E4A-975B-BBB09F9027F0}.RelWithDebInfo|Any CPU.ActiveCfg = Debug|Win32
		{94711062-9D47-4E4A-975B-BBB09F9027F0}.RelWithDebInfo|Any CPU.Build.0 = Debug|Win32
		{94711062-9D47-4E4A-975B-BBB09F9027F0}.RelWithDebInfo|x64.ActiveCfg = Release|x64
		{94711062-9D47-4E4A-975B-BBB09F9027F0}.RelWithDebInfo|x64.Build.0 = Release|x64
		{94711062-9D47-4E4A-975B-BBB09F9027F0}.RelWithDebInfo|x86.ActiveCfg = Release|Win32
		{94711062-9D47-4E4A-975B-BBB09F9027F0}.RelWithDebInfo|x86.Build.0 = Release|Win32
	EndGlobalSection
	GlobalSection(SolutionProperties) = preSolution
		HideSolutionNode = FALSE
	EndGlobalSection
	GlobalSection(ExtensibilityGlobals) = postSolution
		SolutionGuid = {700668B8-D738-4EE2-9D1E-B420C87EC2EB}
	EndGlobalSection
EndGlobal
